
Microsoft Visual Studio Solution File, Format Version 12.00
# Visual Studio 14
VisualStudioVersion = 14.0.25123.0
MinimumVisualStudioVersion = 10.0.40219.1
Project("{FAE04EC0-301F-11D3-BF4B-00C04F79EFBC}") = "PetrolPriceMonitor.Droid", "PetrolPriceMonitor.Droid\PetrolPriceMonitor.Droid.csproj", "{B3760E45-664F-41C9-8695-F525783CF325}"
EndProject
Project("{FAE04EC0-301F-11D3-BF4B-00C04F79EFBC}") = "PetrolPriceMonitor.iOS", "PetrolPriceMonitor.iOS\PetrolPriceMonitor.iOS.csproj", "{A732AE7B-C560-46FA-91A8-C49C3A18C4BE}"
EndProject
Project("{FAE04EC0-301F-11D3-BF4B-00C04F79EFBC}") = "PetrolPriceMonitor", "PetrolPriceMonitor\PetrolPriceMonitor.csproj", "{FFDFA86A-8764-4A39-8F5F-A799E5A6176C}"
EndProject
Global
	GlobalSection(SolutionConfigurationPlatforms) = preSolution
		Ad-Hoc|Any CPU = Ad-Hoc|Any CPU
		Ad-Hoc|ARM = Ad-Hoc|ARM
		Ad-Hoc|iPhone = Ad-Hoc|iPhone
		Ad-Hoc|iPhoneSimulator = Ad-Hoc|iPhoneSimulator
		Ad-Hoc|x64 = Ad-Hoc|x64
		Ad-Hoc|x86 = Ad-Hoc|x86
		AppStore|Any CPU = AppStore|Any CPU
		AppStore|ARM = AppStore|ARM
		AppStore|iPhone = AppStore|iPhone
		AppStore|iPhoneSimulator = AppStore|iPhoneSimulator
		AppStore|x64 = AppStore|x64
		AppStore|x86 = AppStore|x86
		Debug|Any CPU = Debug|Any CPU
		Debug|ARM = Debug|ARM
		Debug|iPhone = Debug|iPhone
		Debug|iPhoneSimulator = Debug|iPhoneSimulator
		Debug|x64 = Debug|x64
		Debug|x86 = Debug|x86
		Release|Any CPU = Release|Any CPU
		Release|ARM = Release|ARM
		Release|iPhone = Release|iPhone
		Release|iPhoneSimulator = Release|iPhoneSimulator
		Release|x64 = Release|x64
		Release|x86 = Release|x86
	EndGlobalSection
	GlobalSection(ProjectConfigurationPlatforms) = postSolution
		{B3760E45-664F-41C9-8695-F525783CF325}.Ad-Hoc|Any CPU.ActiveCfg = Release|Any CPU
		{B3760E45-664F-41C9-8695-F525783CF325}.Ad-Hoc|Any CPU.Build.0 = Release|Any CPU
		{B3760E45-664F-41C9-8695-F525783CF325}.Ad-Hoc|Any CPU.Deploy.0 = Release|Any CPU
		{B3760E45-664F-41C9-8695-F525783CF325}.Ad-Hoc|ARM.ActiveCfg = Release|Any CPU
		{B3760E45-664F-41C9-8695-F525783CF325}.Ad-Hoc|ARM.Build.0 = Release|Any CPU
		{B3760E45-664F-41C9-8695-F525783CF325}.Ad-Hoc|ARM.Deploy.0 = Release|Any CPU
		{B3760E45-664F-41C9-8695-F525783CF325}.Ad-Hoc|iPhone.ActiveCfg = Release|Any CPU
		{B3760E45-664F-41C9-8695-F525783CF325}.Ad-Hoc|iPhone.Build.0 = Release|Any CPU
		{B3760E45-664F-41C9-8695-F525783CF325}.Ad-Hoc|iPhone.Deploy.0 = Release|Any CPU
		{B3760E45-664F-41C9-8695-F525783CF325}.Ad-Hoc|iPhoneSimulator.ActiveCfg = Release|Any CPU
		{B3760E45-664F-41C9-8695-F525783CF325}.Ad-Hoc|iPhoneSimulator.Build.0 = Release|Any CPU
		{B3760E45-664F-41C9-8695-F525783CF325}.Ad-Hoc|iPhoneSimulator.Deploy.0 = Release|Any CPU
		{B3760E45-664F-41C9-8695-F525783CF325}.Ad-Hoc|x64.ActiveCfg = Release|Any CPU
		{B3760E45-664F-41C9-8695-F525783CF325}.Ad-Hoc|x64.Build.0 = Release|Any CPU
		{B3760E45-664F-41C9-8695-F525783CF325}.Ad-Hoc|x64.Deploy.0 = Release|Any CPU
		{B3760E45-664F-41C9-8695-F525783CF325}.Ad-Hoc|x86.ActiveCfg = Release|Any CPU
		{B3760E45-664F-41C9-8695-F525783CF325}.Ad-Hoc|x86.Build.0 = Release|Any CPU
		{B3760E45-664F-41C9-8695-F525783CF325}.Ad-Hoc|x86.Deploy.0 = Release|Any CPU
		{B3760E45-664F-41C9-8695-F525783CF325}.AppStore|Any CPU.ActiveCfg = Release|Any CPU
		{B3760E45-664F-41C9-8695-F525783CF325}.AppStore|Any CPU.Build.0 = Release|Any CPU
		{B3760E45-664F-41C9-8695-F525783CF325}.AppStore|Any CPU.Deploy.0 = Release|Any CPU
		{B3760E45-664F-41C9-8695-F525783CF325}.AppStore|ARM.ActiveCfg = Release|Any CPU
		{B3760E45-664F-41C9-8695-F525783CF325}.AppStore|ARM.Build.0 = Release|Any CPU
		{B3760E45-664F-41C9-8695-F525783CF325}.AppStore|ARM.Deploy.0 = Release|Any CPU
		{B3760E45-664F-41C9-8695-F525783CF325}.AppStore|iPhone.ActiveCfg = Release|Any CPU
		{B3760E45-664F-41C9-8695-F525783CF325}.AppStore|iPhone.Build.0 = Release|Any CPU
		{B3760E45-664F-41C9-8695-F525783CF325}.AppStore|iPhone.Deploy.0 = Release|Any CPU
		{B3760E45-664F-41C9-8695-F525783CF325}.AppStore|iPhoneSimulator.ActiveCfg = Release|Any CPU
		{B3760E45-664F-41C9-8695-F525783CF325}.AppStore|iPhoneSimulator.Build.0 = Release|Any CPU
		{B3760E45-664F-41C9-8695-F525783CF325}.AppStore|iPhoneSimulator.Deploy.0 = Release|Any CPU
		{B3760E45-664F-41C9-8695-F525783CF325}.AppStore|x64.ActiveCfg = Release|Any CPU
		{B3760E45-664F-41C9-8695-F525783CF325}.AppStore|x64.Build.0 = Release|Any CPU
		{B3760E45-664F-41C9-8695-F525783CF325}.AppStore|x64.Deploy.0 = Release|Any CPU
		{B3760E45-664F-41C9-8695-F525783CF325}.AppStore|x86.ActiveCfg = Release|Any CPU
		{B3760E45-664F-41C9-8695-F525783CF325}.AppStore|x86.Build.0 = Release|Any CPU
		{B3760E45-664F-41C9-8695-F525783CF325}.AppStore|x86.Deploy.0 = Release|Any CPU
		{B3760E45-664F-41C9-8695-F525783CF325}.Debug|Any CPU.ActiveCfg = Debug|Any CPU
		{B3760E45-664F-41C9-8695-F525783CF325}.Debug|Any CPU.Build.0 = Debug|Any CPU
		{B3760E45-664F-41C9-8695-F525783CF325}.Debug|Any CPU.Deploy.0 = Debug|Any CPU
		{B3760E45-664F-41C9-8695-F525783CF325}.Debug|ARM.ActiveCfg = Debug|Any CPU
		{B3760E45-664F-41C9-8695-F525783CF325}.Debug|ARM.Build.0 = Debug|Any CPU
		{B3760E45-664F-41C9-8695-F525783CF325}.Debug|ARM.Deploy.0 = Debug|Any CPU
		{B3760E45-664F-41C9-8695-F525783CF325}.Debug|iPhone.ActiveCfg = Debug|Any CPU
		{B3760E45-664F-41C9-8695-F525783CF325}.Debug|iPhone.Build.0 = Debug|Any CPU
		{B3760E45-664F-41C9-8695-F525783CF325}.Debug|iPhone.Deploy.0 = Debug|Any CPU
		{B3760E45-664F-41C9-8695-F525783CF325}.Debug|iPhoneSimulator.ActiveCfg = Debug|Any CPU
		{B3760E45-664F-41C9-8695-F525783CF325}.Debug|iPhoneSimulator.Build.0 = Debug|Any CPU
		{B3760E45-664F-41C9-8695-F525783CF325}.Debug|iPhoneSimulator.Deploy.0 = Debug|Any CPU
		{B3760E45-664F-41C9-8695-F525783CF325}.Debug|x64.ActiveCfg = Debug|Any CPU
		{B3760E45-664F-41C9-8695-F525783CF325}.Debug|x64.Build.0 = Debug|Any CPU
		{B3760E45-664F-41C9-8695-F525783CF325}.Debug|x64.Deploy.0 = Debug|Any CPU
		{B3760E45-664F-41C9-8695-F525783CF325}.Debug|x86.ActiveCfg = Debug|Any CPU
		{B3760E45-664F-41C9-8695-F525783CF325}.Debug|x86.Build.0 = Debug|Any CPU
		{B3760E45-664F-41C9-8695-F525783CF325}.Debug|x86.Deploy.0 = Debug|Any CPU
		{B3760E45-664F-41C9-8695-F525783CF325}.Release|Any CPU.ActiveCfg = Release|Any CPU
		{B3760E45-664F-41C9-8695-F525783CF325}.Release|Any CPU.Build.0 = Release|Any CPU
		{B3760E45-664F-41C9-8695-F525783CF325}.Release|Any CPU.Deploy.0 = Release|Any CPU
		{B3760E45-664F-41C9-8695-F525783CF325}.Release|ARM.ActiveCfg = Release|Any CPU
		{B3760E45-664F-41C9-8695-F525783CF325}.Release|ARM.Build.0 = Release|Any CPU
		{B3760E45-664F-41C9-8695-F525783CF325}.Release|ARM.Deploy.0 = Release|Any CPU
		{B3760E45-664F-41C9-8695-F525783CF325}.Release|iPhone.ActiveCfg = Release|Any CPU
		{B3760E45-664F-41C9-8695-F525783CF325}.Release|iPhone.Build.0 = Release|Any CPU
		{B3760E45-664F-41C9-8695-F525783CF325}.Release|iPhone.Deploy.0 = Release|Any CPU
		{B3760E45-664F-41C9-8695-F525783CF325}.Release|iPhoneSimulator.ActiveCfg = Release|Any CPU
		{B3760E45-664F-41C9-8695-F525783CF325}.Release|iPhoneSimulator.Build.0 = Release|Any CPU
		{B3760E45-664F-41C9-8695-F525783CF325}.Release|iPhoneSimulator.Deploy.0 = Release|Any CPU
		{B3760E45-664F-41C9-8695-F525783CF325}.Release|x64.ActiveCfg = Release|Any CPU
		{B3760E45-664F-41C9-8695-F525783CF325}.Release|x64.Build.0 = Release|Any CPU
		{B3760E45-664F-41C9-8695-F525783CF325}.Release|x64.Deploy.0 = Release|Any CPU
		{B3760E45-664F-41C9-8695-F525783CF325}.Release|x86.ActiveCfg = Release|Any CPU
		{B3760E45-664F-41C9-8695-F525783CF325}.Release|x86.Build.0 = Release|Any CPU
		{B3760E45-664F-41C9-8695-F525783CF325}.Release|x86.Deploy.0 = Release|Any CPU
		{A732AE7B-C560-46FA-91A8-C49C3A18C4BE}.Ad-Hoc|Any CPU.ActiveCfg = Ad-Hoc|iPhone
		{A732AE7B-C560-46FA-91A8-C49C3A18C4BE}.Ad-Hoc|ARM.ActiveCfg = Ad-Hoc|iPhone
		{A732AE7B-C560-46FA-91A8-C49C3A18C4BE}.Ad-Hoc|iPhone.ActiveCfg = Ad-Hoc|iPhone
		{A732AE7B-C560-46FA-91A8-C49C3A18C4BE}.Ad-Hoc|iPhone.Build.0 = Ad-Hoc|iPhone
		{A732AE7B-C560-46FA-91A8-C49C3A18C4BE}.Ad-Hoc|iPhoneSimulator.ActiveCfg = Ad-Hoc|iPhoneSimulator
		{A732AE7B-C560-46FA-91A8-C49C3A18C4BE}.Ad-Hoc|iPhoneSimulator.Build.0 = Ad-Hoc|iPhoneSimulator
		{A732AE7B-C560-46FA-91A8-C49C3A18C4BE}.Ad-Hoc|x64.ActiveCfg = Ad-Hoc|iPhone
		{A732AE7B-C560-46FA-91A8-C49C3A18C4BE}.Ad-Hoc|x86.ActiveCfg = Ad-Hoc|iPhone
		{A732AE7B-C560-46FA-91A8-C49C3A18C4BE}.AppStore|Any CPU.ActiveCfg = AppStore|iPhone
		{A732AE7B-C560-46FA-91A8-C49C3A18C4BE}.AppStore|ARM.ActiveCfg = AppStore|iPhone
		{A732AE7B-C560-46FA-91A8-C49C3A18C4BE}.AppStore|iPhone.ActiveCfg = AppStore|iPhone
		{A732AE7B-C560-46FA-91A8-C49C3A18C4BE}.AppStore|iPhone.Build.0 = AppStore|iPhone
		{A732AE7B-C560-46FA-91A8-C49C3A18C4BE}.AppStore|iPhoneSimulator.ActiveCfg = AppStore|iPhoneSimulator
		{A732AE7B-C560-46FA-91A8-C49C3A18C4BE}.AppStore|iPhoneSimulator.Build.0 = AppStore|iPhoneSimulator
		{A732AE7B-C560-46FA-91A8-C49C3A18C4BE}.AppStore|x64.ActiveCfg = AppStore|iPhone
		{A732AE7B-C560-46FA-91A8-C49C3A18C4BE}.AppStore|x86.ActiveCfg = AppStore|iPhone
		{A732AE7B-C560-46FA-91A8-C49C3A18C4BE}.Debug|Any CPU.ActiveCfg = Debug|iPhone
		{A732AE7B-C560-46FA-91A8-C49C3A18C4BE}.Debug|ARM.ActiveCfg = Debug|iPhone
		{A732AE7B-C560-46FA-91A8-C49C3A18C4BE}.Debug|iPhone.ActiveCfg = Debug|iPhone
		{A732AE7B-C560-46FA-91A8-C49C3A18C4BE}.Debug|iPhone.Build.0 = Debug|iPhone
		{A732AE7B-C560-46FA-91A8-C49C3A18C4BE}.Debug|iPhoneSimulator.ActiveCfg = Debug|iPhoneSimulator
		{A732AE7B-C560-46FA-91A8-C49C3A18C4BE}.Debug|iPhoneSimulator.Build.0 = Debug|iPhoneSimulator
		{A732AE7B-C560-46FA-91A8-C49C3A18C4BE}.Debug|x64.ActiveCfg = Debug|iPhone
		{A732AE7B-C560-46FA-91A8-C49C3A18C4BE}.Debug|x86.ActiveCfg = Debug|iPhone
		{A732AE7B-C560-46FA-91A8-C49C3A18C4BE}.Release|Any CPU.ActiveCfg = Release|iPhone
		{A732AE7B-C560-46FA-91A8-C49C3A18C4BE}.Release|ARM.ActiveCfg = Release|iPhone
		{A732AE7B-C560-46FA-91A8-C49C3A18C4BE}.Release|iPhone.ActiveCfg = Release|iPhone
		{A732AE7B-C560-46FA-91A8-C49C3A18C4BE}.Release|iPhone.Build.0 = Release|iPhone
		{A732AE7B-C560-46FA-91A8-C49C3A18C4BE}.Release|iPhoneSimulator.ActiveCfg = Release|iPhoneSimulator
		{A732AE7B-C560-46FA-91A8-C49C3A18C4BE}.Release|iPhoneSimulator.Build.0 = Release|iPhoneSimulator
		{A732AE7B-C560-46FA-91A8-C49C3A18C4BE}.Release|x64.ActiveCfg = Release|iPhone
		{A732AE7B-C560-46FA-91A8-C49C3A18C4BE}.Release|x86.ActiveCfg = Release|iPhone
		{FFDFA86A-8764-4A39-8F5F-A799E5A6176C}.Ad-Hoc|Any CPU.ActiveCfg = Release|Any CPU
		{FFDFA86A-8764-4A39-8F5F-A799E5A6176C}.Ad-Hoc|Any CPU.Build.0 = Release|Any CPU
		{FFDFA86A-8764-4A39-8F5F-A799E5A6176C}.Ad-Hoc|ARM.ActiveCfg = Release|Any CPU
		{FFDFA86A-8764-4A39-8F5F-A799E5A6176C}.Ad-Hoc|ARM.Build.0 = Release|Any CPU
		{FFDFA86A-8764-4A39-8F5F-A799E5A6176C}.Ad-Hoc|iPhone.ActiveCfg = Release|Any CPU
		{FFDFA86A-8764-4A39-8F5F-A799E5A6176C}.Ad-Hoc|iPhone.Build.0 = Release|Any CPU
		{FFDFA86A-8764-4A39-8F5F-A799E5A6176C}.Ad-Hoc|iPhoneSimulator.ActiveCfg = Release|Any CPU
		{FFDFA86A-8764-4A39-8F5F-A799E5A6176C}.Ad-Hoc|iPhoneSimulator.Build.0 = Release|Any CPU
		{FFDFA86A-8764-4A39-8F5F-A799E5A6176C}.Ad-Hoc|x64.ActiveCfg = Release|Any CPU
		{FFDFA86A-8764-4A39-8F5F-A799E5A6176C}.Ad-Hoc|x64.Build.0 = Release|Any CPU
		{FFDFA86A-8764-4A39-8F5F-A799E5A6176C}.Ad-Hoc|x86.ActiveCfg = Release|Any CPU
		{FFDFA86A-8764-4A39-8F5F-A799E5A6176C}.Ad-Hoc|x86.Build.0 = Release|Any CPU
		{FFDFA86A-8764-4A39-8F5F-A799E5A6176C}.AppStore|Any CPU.ActiveCfg = Release|Any CPU
		{FFDFA86A-8764-4A39-8F5F-A799E5A6176C}.AppStore|Any CPU.Build.0 = Release|Any CPU
		{FFDFA86A-8764-4A39-8F5F-A799E5A6176C}.AppStore|ARM.ActiveCfg = Release|Any CPU
		{FFDFA86A-8764-4A39-8F5F-A799E5A6176C}.AppStore|ARM.Build.0 = Release|Any CPU
		{FFDFA86A-8764-4A39-8F5F-A799E5A6176C}.AppStore|iPhone.ActiveCfg = Release|Any CPU
		{FFDFA86A-8764-4A39-8F5F-A799E5A6176C}.AppStore|iPhone.Build.0 = Release|Any CPU
		{FFDFA86A-8764-4A39-8F5F-A799E5A6176C}.AppStore|iPhoneSimulator.ActiveCfg = Release|Any CPU
		{FFDFA86A-8764-4A39-8F5F-A799E5A6176C}.AppStore|iPhoneSimulator.Build.0 = Release|Any CPU
		{FFDFA86A-8764-4A39-8F5F-A799E5A6176C}.AppStore|x64.ActiveCfg = Release|Any CPU
		{FFDFA86A-8764-4A39-8F5F-A799E5A6176C}.AppStore|x64.Build.0 = Release|Any CPU
		{FFDFA86A-8764-4A39-8F5F-A799E5A6176C}.AppStore|x86.ActiveCfg = Release|Any CPU
		{FFDFA86A-8764-4A39-8F5F-A799E5A6176C}.AppStore|x86.Build.0 = Release|Any CPU
		{FFDFA86A-8764-4A39-8F5F-A799E5A6176C}.Debug|Any CPU.ActiveCfg = Debug|Any CPU
		{FFDFA86A-8764-4A39-8F5F-A799E5A6176C}.Debug|Any CPU.Build.0 = Debug|Any CPU
		{FFDFA86A-8764-4A39-8F5F-A799E5A6176C}.Debug|ARM.ActiveCfg = Debug|Any CPU
		{FFDFA86A-8764-4A39-8F5F-A799E5A6176C}.Debug|ARM.Build.0 = Debug|Any CPU
		{FFDFA86A-8764-4A39-8F5F-A799E5A6176C}.Debug|iPhone.ActiveCfg = Debug|Any CPU
		{FFDFA86A-8764-4A39-8F5F-A799E5A6176C}.Debug|iPhone.Build.0 = Debug|Any CPU
		{FFDFA86A-8764-4A39-8F5F-A799E5A6176C}.Debug|iPhoneSimulator.ActiveCfg = Debug|Any CPU
		{FFDFA86A-8764-4A39-8F5F-A799E5A6176C}.Debug|iPhoneSimulator.Build.0 = Debug|Any CPU
		{FFDFA86A-8764-4A39-8F5F-A799E5A6176C}.Debug|x64.ActiveCfg = Debug|Any CPU
		{FFDFA86A-8764-4A39-8F5F-A799E5A6176C}.Debug|x64.Build.0 = Debug|Any CPU
		{FFDFA86A-8764-4A39-8F5F-A799E5A6176C}.Debug|x86.ActiveCfg = Debug|Any CPU
		{FFDFA86A-8764-4A39-8F5F-A799E5A6176C}.Debug|x86.Build.0 = Debug|Any CPU
		{FFDFA86A-8764-4A39-8F5F-A799E5A6176C}.Release|Any CPU.ActiveCfg = Release|Any CPU
		{FFDFA86A-8764-4A39-8F5F-A799E5A6176C}.Release|Any CPU.Build.0 = Release|Any CPU
		{FFDFA86A-8764-4A39-8F5F-A799E5A6176C}.Release|ARM.ActiveCfg = Release|Any CPU
		{FFDFA86A-8764-4A39-8F5F-A799E5A6176C}.Release|ARM.Build.0 = Release|Any CPU
		{FFDFA86A-8764-4A39-8F5F-A799E5A6176C}.Release|iPhone.ActiveCfg = Release|Any CPU
		{FFDFA86A-8764-4A39-8F5F-A799E5A6176C}.Release|iPhone.Build.0 = Release|Any CPU
		{FFDFA86A-8764-4A39-8F5F-A799E5A6176C}.Release|iPhoneSimulator.ActiveCfg = Release|Any CPU
		{FFDFA86A-8764-4A39-8F5F-A799E5A6176C}.Release|iPhoneSimulator.Build.0 = Release|Any CPU
		{FFDFA86A-8764-4A39-8F5F-A799E5A6176C}.Release|x64.ActiveCfg = Release|Any CPU
		{FFDFA86A-8764-4A39-8F5F-A799E5A6176C}.Release|x64.Build.0 = Release|Any CPU
		{FFDFA86A-8764-4A39-8F5F-A799E5A6176C}.Release|x86.ActiveCfg = Release|Any CPU
		{FFDFA86A-8764-4A39-8F5F-A799E5A6176C}.Release|x86.Build.0 = Release|Any CPU
	EndGlobalSection
	GlobalSection(SolutionProperties) = preSolution
		HideSolutionNode = FALSE
	EndGlobalSection
EndGlobal
